
Microsoft Visual Studio Solution File, Format Version 12.00
# Visual Studio 15
VisualStudioVersion = 15.0.27428.2037
MinimumVisualStudioVersion = 10.0.40219.1
Project("{8BC9CEB8-8B4A-11D0-8D11-00A0C91BC942}") = "tiny-process-library", "lib\tiny-process-library.vcxproj", "{5D1729F3-6E63-41F3-9F8D-888B9A11EA48}"
EndProject
Project("{8BC9CEB8-8B4A-11D0-8D11-00A0C91BC942}") = "multithread_test", "tests\multithread_test\multithread_test.vcxproj", "{8F82CA24-9A43-4AE2-888A-E0D68DCD4B41}"
EndProject
Project("{8BC9CEB8-8B4A-11D0-8D11-00A0C91BC942}") = "io_test", "tests\io_test\io_test.vcxproj", "{A3F64FC6-930A-45E2-90BC-83C734ACB8B5}"
EndProject
Global
	GlobalSection(SolutionConfigurationPlatforms) = preSolution
		Debug|x64 = Debug|x64
		Debug|x86 = Debug|x86
		Release|x64 = Release|x64
		Release|x86 = Release|x86
	EndGlobalSection
	GlobalSection(ProjectConfigurationPlatforms) = postSolution
		{5D1729F3-6E63-41F3-9F8D-888B9A11EA48}.Debug|x64.ActiveCfg = Debug|x64
		{5D1729F3-6E63-41F3-9F8D-888B9A11EA48}.Debug|x64.Build.0 = Debug|x64
		{5D1729F3-6E63-41F3-9F8D-888B9A11EA48}.Debug|x86.ActiveCfg = Debug|Win32
		{5D1729F3-6E63-41F3-9F8D-888B9A11EA48}.Debug|x86.Build.0 = Debug|Win32
		{5D1729F3-6E63-41F3-9F8D-888B9A11EA48}.Release|x64.ActiveCfg = Release|x64
		{5D1729F3-6E63-41F3-9F8D-888B9A11EA48}.Release|x64.Build.0 = Release|x64
		{5D1729F3-6E63-41F3-9F8D-888B9A11EA48}.Release|x86.ActiveCfg = Release|Win32
		{5D1729F3-6E63-41F3-9F8D-888B9A11EA48}.Release|x86.Build.0 = Release|Win32
		{8F82CA24-9A43-4AE2-888A-E0D68DCD4B41}.Debug|x64.ActiveCfg = Debug|x64
		{8F82CA24-9A43-4AE2-888A-E0D68DCD4B41}.Debug|x64.Build.0 = Debug|x64
		{8F82CA24-9A43-4AE2-888A-E0D68DCD4B41}.Debug|x86.ActiveCfg = Debug|Win32
		{8F82CA24-9A43-4AE2-888A-E0D68DCD4B41}.Debug|x86.Build.0 = Debug|Win32
		{8F82CA24-9A43-4AE2-888A-E0D68DCD4B41}.Release|x64.ActiveCfg = Release|x64
		{8F82CA24-9A43-4AE2-888A-E0D68DCD4B41}.Release|x64.Build.0 = Release|x64
		{8F82CA24-9A43-4AE2-888A-E0D68DCD4B41}.Release|x86.ActiveCfg = Release|Win32
		{8F82CA24-9A43-4AE2-888A-E0D68DCD4B41}.Release|x86.Build.0 = Release|Win32
		{A3F64FC6-930A-45E2-90BC-83C734ACB8B5}.Debug|x64.ActiveCfg = Debug|x64
		{A3F64FC6-930A-45E2-90BC-83C734ACB8B5}.Debug|x64.Build.0 = Debug|x64
		{A3F64FC6-930A-45E2-90BC-83C734ACB8B5}.Debug|x86.ActiveCfg = Debug|Win32
		{A3F64FC6-930A-45E2-90BC-83C734ACB8B5}.Debug|x86.Build.0 = Debug|Win32
		{A3F64FC6-930A-45E2-90BC-83C734ACB8B5}.Release|x64.ActiveCfg = Release|x64
		{A3F64FC6-930A-45E2-90BC-83C734ACB8B5}.Release|x64.Build.0 = Release|x64
		{A3F64FC6-930A-45E2-90BC-83C734ACB8B5}.Release|x86.ActiveCfg = Release|Win32
		{A3F64FC6-930A-45E2-90BC-83C734ACB8B5}.Release|x86.Build.0 = Release|Win32
	EndGlobalSection
	GlobalSection(SolutionProperties) = preSolution
		HideSolutionNode = FALSE
	EndGlobalSection
	GlobalSection(ExtensibilityGlobals) = postSolution
		SolutionGuid = {E3E4CD46-77D7-45C6-A0F6-586773E505A8}
	EndGlobalSection
EndGlobal
